
Microsoft Visual Studio Solution File, Format Version 12.00
# Visual Studio Version 17
VisualStudioVersion = 17.11.35303.130
MinimumVisualStudioVersion = 10.0.40219.1
Project("{FAE04EC0-301F-11D3-BF4B-00C04F79EFBC}") = "BasicMVC", "BasicMVC\BasicMVC.csproj", "{B5D19016-55F9-44E7-A1B9-290A8F638054}"
EndProject
Global
	GlobalSection(SolutionConfigurationPlatforms) = preSolution
		Debug|Any CPU = Debug|Any CPU
		Release|Any CPU = Release|Any CPU
	EndGlobalSection
	GlobalSection(ProjectConfigurationPlatforms) = postSolution
		{B5D19016-55F9-44E7-A1B9-290A8F638054}.Debug|Any CPU.ActiveCfg = Debug|Any CPU
		{B5D19016-55F9-44E7-A1B9-290A8F638054}.Debug|Any CPU.Build.0 = Debug|Any CPU
		{B5D19016-55F9-44E7-A1B9-290A8F638054}.Release|Any CPU.ActiveCfg = Release|Any CPU
		{B5D19016-55F9-44E7-A1B9-290A8F638054}.Release|Any CPU.Build.0 = Release|Any CPU
	EndGlobalSection
	GlobalSection(SolutionProperties) = preSolution
		HideSolutionNode = FALSE
	EndGlobalSection
	GlobalSection(ExtensibilityGlobals) = postSolution
		SolutionGuid = {1B40ACC5-9CC4-48C3-B062-EBF071292BB2}
	EndGlobalSection
EndGlobal
